
Microsoft Visual Studio Solution File, Format Version 12.00
# Visual Studio 2017
Project("{FAE04EC0-301F-11D3-BF4B-00C04F79EFBC}") = "Reversi", "Reversi.csproj", "{1DA5A975-A472-07F9-096C-8A8A87B357A7}"
EndProject
Global
	GlobalSection(SolutionConfigurationPlatforms) = preSolution
		Debug|Any CPU = Debug|Any CPU
		Release|Any CPU = Release|Any CPU
	EndGlobalSection
	GlobalSection(ProjectConfigurationPlatforms) = postSolution
		{1DA5A975-A472-07F9-096C-8A8A87B357A7}.Debug|Any CPU.ActiveCfg = Debug|Any CPU
		{1DA5A975-A472-07F9-096C-8A8A87B357A7}.Debug|Any CPU.Build.0 = Debug|Any CPU
		{1DA5A975-A472-07F9-096C-8A8A87B357A7}.Release|Any CPU.ActiveCfg = Release|Any CPU
		{1DA5A975-A472-07F9-096C-8A8A87B357A7}.Release|Any CPU.Build.0 = Release|Any CPU
	EndGlobalSection
	GlobalSection(SolutionProperties) = preSolution
		HideSolutionNode = FALSE
	EndGlobalSection
EndGlobal
